
Microsoft Visual Studio Solution File, Format Version 12.00
# Visual Studio Version 17
VisualStudioVersion = 17.8.34525.116
MinimumVisualStudioVersion = 10.0.40219.1
Project("{FAE04EC0-301F-11D3-BF4B-00C04F79EFBC}") = "password manager", "password manager\password manager.csproj", "{E511FB10-FCD7-4E09-BEE8-4D43C004089C}"
EndProject
Global
	GlobalSection(SolutionConfigurationPlatforms) = preSolution
		Debug|Any CPU = Debug|Any CPU
		Release|Any CPU = Release|Any CPU
	EndGlobalSection
	GlobalSection(ProjectConfigurationPlatforms) = postSolution
		{E511FB10-FCD7-4E09-BEE8-4D43C004089C}.Debug|Any CPU.ActiveCfg = Debug|Any CPU
		{E511FB10-FCD7-4E09-BEE8-4D43C004089C}.Debug|Any CPU.Build.0 = Debug|Any CPU
		{E511FB10-FCD7-4E09-BEE8-4D43C004089C}.Release|Any CPU.ActiveCfg = Release|Any CPU
		{E511FB10-FCD7-4E09-BEE8-4D43C004089C}.Release|Any CPU.Build.0 = Release|Any CPU
	EndGlobalSection
	GlobalSection(SolutionProperties) = preSolution
		HideSolutionNode = FALSE
	EndGlobalSection
	GlobalSection(ExtensibilityGlobals) = postSolution
		SolutionGuid = {48198535-1639-4838-9ABB-D8279D859DDA}
	EndGlobalSection
EndGlobal
